
Microsoft Visual Studio Solution File, Format Version 12.00
# Visual Studio Version 17
VisualStudioVersion = 17.3.32819.101
MinimumVisualStudioVersion = 10.0.40219.1
Project("{FAE04EC0-301F-11D3-BF4B-00C04F79EFBC}") = "ToDoItems.Ingress.Api", "ToDoItems.Ingress.Api\ToDoItems.Ingress.Api.csproj", "{CC64A925-6A12-40DE-839A-3E5EB6600099}"
EndProject
Project("{FAE04EC0-301F-11D3-BF4B-00C04F79EFBC}") = "ToDoItems.Models", "ToDoItems.Models\ToDoItems.Models.csproj", "{7EFBA520-25E5-4BB4-B722-DE086CB9BAAB}"
EndProject
Project("{FAE04EC0-301F-11D3-BF4B-00C04F79EFBC}") = "ToDoItems.ServiceBus.Trigger", "ToDoItems.ServiceBus.Trigger\ToDoItems.ServiceBus.Trigger.csproj", "{AC3AF4C7-7BCF-4B27-87B4-49FB245F440B}"
EndProject
Global
	GlobalSection(SolutionConfigurationPlatforms) = preSolution
		Debug|Any CPU = Debug|Any CPU
		Release|Any CPU = Release|Any CPU
	EndGlobalSection
	GlobalSection(ProjectConfigurationPlatforms) = postSolution
		{CC64A925-6A12-40DE-839A-3E5EB6600099}.Debug|Any CPU.ActiveCfg = Debug|Any CPU
		{CC64A925-6A12-40DE-839A-3E5EB6600099}.Debug|Any CPU.Build.0 = Debug|Any CPU
		{CC64A925-6A12-40DE-839A-3E5EB6600099}.Release|Any CPU.ActiveCfg = Release|Any CPU
		{CC64A925-6A12-40DE-839A-3E5EB6600099}.Release|Any CPU.Build.0 = Release|Any CPU
		{7EFBA520-25E5-4BB4-B722-DE086CB9BAAB}.Debug|Any CPU.ActiveCfg = Debug|Any CPU
		{7EFBA520-25E5-4BB4-B722-DE086CB9BAAB}.Debug|Any CPU.Build.0 = Debug|Any CPU
		{7EFBA520-25E5-4BB4-B722-DE086CB9BAAB}.Release|Any CPU.ActiveCfg = Release|Any CPU
		{7EFBA520-25E5-4BB4-B722-DE086CB9BAAB}.Release|Any CPU.Build.0 = Release|Any CPU
		{AC3AF4C7-7BCF-4B27-87B4-49FB245F440B}.Debug|Any CPU.ActiveCfg = Debug|Any CPU
		{AC3AF4C7-7BCF-4B27-87B4-49FB245F440B}.Debug|Any CPU.Build.0 = Debug|Any CPU
		{AC3AF4C7-7BCF-4B27-87B4-49FB245F440B}.Release|Any CPU.ActiveCfg = Release|Any CPU
		{AC3AF4C7-7BCF-4B27-87B4-49FB245F440B}.Release|Any CPU.Build.0 = Release|Any CPU
	EndGlobalSection
	GlobalSection(SolutionProperties) = preSolution
		HideSolutionNode = FALSE
	EndGlobalSection
	GlobalSection(ExtensibilityGlobals) = postSolution
		SolutionGuid = {5DC24A95-19BD-48F4-8376-D3150652585A}
	EndGlobalSection
EndGlobal
